
Microsoft Visual Studio Solution File, Format Version 12.00
# Visual Studio Version 16
VisualStudioVersion = 16.0.31112.23
MinimumVisualStudioVersion = 10.0.40219.1
Project("{FAE04EC0-301F-11D3-BF4B-00C04F79EFBC}") = "BlazorAuthentication.Server", "BlazorAuthentication\Server\BlazorAuthentication.Server.csproj", "{0BCB83AD-098E-41AD-B653-2ADCA1C48C35}"
EndProject
Project("{FAE04EC0-301F-11D3-BF4B-00C04F79EFBC}") = "BlazorAuthentication.Client", "BlazorAuthentication\Client\BlazorAuthentication.Client.csproj", "{C2B6F6CC-2B4F-44D0-9F12-C7F9C3DE47E7}"
EndProject
Project("{FAE04EC0-301F-11D3-BF4B-00C04F79EFBC}") = "BlazorAuthentication.Shared", "BlazorAuthentication\Shared\BlazorAuthentication.Shared.csproj", "{A2CCCEB6-2175-4EA3-AB83-D4624793E43F}"
EndProject
Global
	GlobalSection(SolutionConfigurationPlatforms) = preSolution
		Debug|Any CPU = Debug|Any CPU
		Release|Any CPU = Release|Any CPU
	EndGlobalSection
	GlobalSection(ProjectConfigurationPlatforms) = postSolution
		{0BCB83AD-098E-41AD-B653-2ADCA1C48C35}.Debug|Any CPU.ActiveCfg = Debug|Any CPU
		{0BCB83AD-098E-41AD-B653-2ADCA1C48C35}.Debug|Any CPU.Build.0 = Debug|Any CPU
		{0BCB83AD-098E-41AD-B653-2ADCA1C48C35}.Release|Any CPU.ActiveCfg = Release|Any CPU
		{0BCB83AD-098E-41AD-B653-2ADCA1C48C35}.Release|Any CPU.Build.0 = Release|Any CPU
		{C2B6F6CC-2B4F-44D0-9F12-C7F9C3DE47E7}.Debug|Any CPU.ActiveCfg = Debug|Any CPU
		{C2B6F6CC-2B4F-44D0-9F12-C7F9C3DE47E7}.Debug|Any CPU.Build.0 = Debug|Any CPU
		{C2B6F6CC-2B4F-44D0-9F12-C7F9C3DE47E7}.Release|Any CPU.ActiveCfg = Release|Any CPU
		{C2B6F6CC-2B4F-44D0-9F12-C7F9C3DE47E7}.Release|Any CPU.Build.0 = Release|Any CPU
		{A2CCCEB6-2175-4EA3-AB83-D4624793E43F}.Debug|Any CPU.ActiveCfg = Debug|Any CPU
		{A2CCCEB6-2175-4EA3-AB83-D4624793E43F}.Debug|Any CPU.Build.0 = Debug|Any CPU
		{A2CCCEB6-2175-4EA3-AB83-D4624793E43F}.Release|Any CPU.ActiveCfg = Release|Any CPU
		{A2CCCEB6-2175-4EA3-AB83-D4624793E43F}.Release|Any CPU.Build.0 = Release|Any CPU
	EndGlobalSection
	GlobalSection(SolutionProperties) = preSolution
		HideSolutionNode = FALSE
	EndGlobalSection
	GlobalSection(ExtensibilityGlobals) = postSolution
		SolutionGuid = {29A54EC4-6E69-4054-8CD9-51541B8BBD6C}
	EndGlobalSection
EndGlobal
